{
    "_readme": [
        "This file locks the dependencies of your project to a known state",
        "Read more about it at http://getcomposer.org/doc/01-basic-usage.md#composer-lock-the-lock-file",
        "This file is @generated automatically"
    ],
    "hash": "91452428f69de92e28f3f174542e37f9",
    "packages": [
        {
            "name": "ivan-novakov/php-openid-connect-client",
            "version": "dev-master",
            "source": {
                "type": "git",
                "url": "https://github.com/ivan-novakov/php-openid-connect-client.git",
                "reference": "6458bebe8c3356a7423cd3148fd57ab689861950"
            },
            "dist": {
                "type": "zip",
                "url": "https://api.github.com/repos/ivan-novakov/php-openid-connect-client/zipball/6458bebe8c3356a7423cd3148fd57ab689861950",
                "reference": "6458bebe8c3356a7423cd3148fd57ab689861950",
                "shasum": ""
            },
            "require": {
                "php": ">=5.3.3",
                "zendframework/zend-eventmanager": ">=2.2.1",
                "zendframework/zend-filter": ">=2.2.1",
                "zendframework/zend-http": ">=2.2.1",
                "zendframework/zend-json": ">=2.2.1",
                "zendframework/zend-session": ">=2.2.1",
                "zendframework/zend-stdlib": ">=2.2.1"
            },
            "require-dev": {
                "phpunit/phpunit": "~4.4"
            },
            "type": "library",
            "autoload": {
                "psr-0": {
                    "InoOicClient\\": "src/"
                }
            },
            "notification-url": "https://packagist.org/downloads/",
            "license": [
                "BSD-3-Clause"
            ],
            "authors": [
                {
                    "name": "Ivan Novakov",
                    "homepage": "http://novakov.cz/"
                }
            ],
            "description": "OAuth2/OpenID Connect client library",
            "homepage": "https://github.com/ivan-novakov/php-openid-connect-client",
            "keywords": [
                "Authentication",
                "OpenID Connect",
                "Zend Framework",
                "authorization",
                "client",
                "library",
                "oauth2",
                "zf2"
            ],
            "time": "2014-12-28 08:20:36"
        },
        {
            "name": "symfony/yaml",
            "version": "v2.6.1",
            "target-dir": "Symfony/Component/Yaml",
            "source": {
                "type": "git",
                "url": "https://github.com/symfony/Yaml.git",
                "reference": "3346fc090a3eb6b53d408db2903b241af51dcb20"
            },
            "dist": {
                "type": "zip",
                "url": "https://api.github.com/repos/symfony/Yaml/zipball/3346fc090a3eb6b53d408db2903b241af51dcb20",
                "reference": "3346fc090a3eb6b53d408db2903b241af51dcb20",
                "shasum": ""
            },
            "require": {
                "php": ">=5.3.3"
            },
            "type": "library",
            "extra": {
                "branch-alias": {
                    "dev-master": "2.6-dev"
                }
            },
            "autoload": {
                "psr-0": {
                    "Symfony\\Component\\Yaml\\": ""
                }
            },
            "notification-url": "https://packagist.org/downloads/",
            "license": [
                "MIT"
            ],
            "authors": [
                {
                    "name": "Symfony Community",
                    "homepage": "http://symfony.com/contributors"
                },
                {
                    "name": "Fabien Potencier",
                    "email": "fabien@symfony.com"
                }
            ],
            "description": "Symfony Yaml Component",
            "homepage": "http://symfony.com",
            "time": "2014-12-02 20:19:20"
        },
        {
            "name": "zendframework/zend-escaper",
            "version": "2.2.6",
            "target-dir": "Zend/Escaper",
            "source": {
                "type": "git",
                "url": "https://github.com/zendframework/Component_ZendEscaper.git",
                "reference": "80abc4bc1f48b9fe8ed603aaa9eebd6e6f30fd0f"
            },
            "dist": {
                "type": "zip",
                "url": "https://api.github.com/repos/zendframework/Component_ZendEscaper/zipball/80abc4bc1f48b9fe8ed603aaa9eebd6e6f30fd0f",
                "reference": "80abc4bc1f48b9fe8ed603aaa9eebd6e6f30fd0f",
                "shasum": ""
            },
            "require": {
                "php": ">=5.3.3"
            },
            "type": "library",
            "extra": {
                "branch-alias": {
                    "dev-master": "2.2-dev",
                    "dev-develop": "2.3-dev"
                }
            },
            "autoload": {
                "psr-0": {
                    "Zend\\Escaper\\": ""
                }
            },
            "notification-url": "https://packagist.org/downloads/",
            "license": [
                "BSD-3-Clause"
            ],
            "keywords": [
                "escaper",
                "zf2"
            ],
            "time": "2014-01-04 13:00:13"
        },
        {
            "name": "zendframework/zend-eventmanager",
            "version": "2.2.6",
            "target-dir": "Zend/EventManager",
            "source": {
                "type": "git",
                "url": "https://github.com/zendframework/Component_ZendEventManager.git",
                "reference": "89368704bb37303fba64c3ddd6bce0506aa7187c"
            },
            "dist": {
                "type": "zip",
                "url": "https://api.github.com/repos/zendframework/Component_ZendEventManager/zipball/89368704bb37303fba64c3ddd6bce0506aa7187c",
                "reference": "89368704bb37303fba64c3ddd6bce0506aa7187c",
                "shasum": ""
            },
            "require": {
                "php": ">=5.3.3",
                "zendframework/zend-stdlib": "self.version"
            },
            "type": "library",
            "extra": {
                "branch-alias": {
                    "dev-master": "2.2-dev",
                    "dev-develop": "2.3-dev"
                }
            },
            "autoload": {
                "psr-0": {
                    "Zend\\EventManager\\": ""
                }
            },
            "notification-url": "https://packagist.org/downloads/",
            "license": [
                "BSD-3-Clause"
            ],
            "keywords": [
                "eventmanager",
                "zf2"
            ],
            "time": "2014-01-04 13:00:14"
        },
        {
            "name": "zendframework/zend-filter",
            "version": "2.2.6",
            "target-dir": "Zend/Filter",
            "source": {
                "type": "git",
                "url": "https://github.com/zendframework/Component_ZendFilter.git",
                "reference": "8ceece474b29d079e86976dbd3efffe6064b3d72"
            },
            "dist": {
                "type": "zip",
                "url": "https://api.github.com/repos/zendframework/Component_ZendFilter/zipball/8ceece474b29d079e86976dbd3efffe6064b3d72",
                "reference": "8ceece474b29d079e86976dbd3efffe6064b3d72",
                "shasum": ""
            },
            "require": {
                "php": ">=5.3.3",
                "zendframework/zend-stdlib": "self.version"
            },
            "require-dev": {
                "zendframework/zend-crypt": "self.version"
            },
            "suggest": {
                "zendframework/zend-crypt": "Zend\\Crypt component",
                "zendframework/zend-i18n": "Zend\\I18n component",
                "zendframework/zend-uri": "Zend\\Uri component for UriNormalize filter",
                "zendframework/zend-validator": "Zend\\Validator component"
            },
            "type": "library",
            "extra": {
                "branch-alias": {
                    "dev-master": "2.2-dev",
                    "dev-develop": "2.3-dev"
                }
            },
            "autoload": {
                "psr-0": {
                    "Zend\\Filter\\": ""
                }
            },
            "notification-url": "https://packagist.org/downloads/",
            "license": [
                "BSD-3-Clause"
            ],
            "description": "provides a set of commonly needed data filters",
            "keywords": [
                "filter",
                "zf2"
            ],
            "time": "2014-03-03 21:00:06"
        },
        {
            "name": "zendframework/zend-http",
            "version": "2.2.6",
            "target-dir": "Zend/Http",
            "source": {
                "type": "git",
                "url": "https://github.com/zendframework/Component_ZendHttp.git",
                "reference": "b91bea1d5972da19169dc2d546a45a8208df00b3"
            },
            "dist": {
                "type": "zip",
                "url": "https://api.github.com/repos/zendframework/Component_ZendHttp/zipball/b91bea1d5972da19169dc2d546a45a8208df00b3",
                "reference": "b91bea1d5972da19169dc2d546a45a8208df00b3",
                "shasum": ""
            },
            "require": {
                "php": ">=5.3.3",
                "zendframework/zend-loader": "self.version",
                "zendframework/zend-stdlib": "self.version",
                "zendframework/zend-uri": "self.version",
                "zendframework/zend-validator": "self.version"
            },
            "type": "library",
            "extra": {
                "branch-alias": {
                    "dev-master": "2.2-dev",
                    "dev-develop": "2.3-dev"
                }
            },
            "autoload": {
                "psr-0": {
                    "Zend\\Http\\": ""
                }
            },
            "notification-url": "https://packagist.org/downloads/",
            "license": [
                "BSD-3-Clause"
            ],
            "description": "provides an easy interface for performing Hyper-Text Transfer Protocol (HTTP) requests",
            "keywords": [
                "http",
                "zf2"
            ],
            "time": "2014-03-05 21:00:05"
        },
        {
            "name": "zendframework/zend-json",
            "version": "2.2.6",
            "target-dir": "Zend/Json",
            "source": {
                "type": "git",
                "url": "https://github.com/zendframework/Component_ZendJson.git",
                "reference": "dd8a8239a7c08c7449a6ea219da3e2369bd90d92"
            },
            "dist": {
                "type": "zip",
                "url": "https://api.github.com/repos/zendframework/Component_ZendJson/zipball/dd8a8239a7c08c7449a6ea219da3e2369bd90d92",
                "reference": "dd8a8239a7c08c7449a6ea219da3e2369bd90d92",
                "shasum": ""
            },
            "require": {
                "php": ">=5.3.3",
                "zendframework/zend-stdlib": "self.version"
            },
            "suggest": {
                "zendframework/zend-server": "Zend\\Server component"
            },
            "type": "library",
            "extra": {
                "branch-alias": {
                    "dev-master": "2.2-dev",
                    "dev-develop": "2.3-dev"
                }
            },
            "autoload": {
                "psr-0": {
                    "Zend\\Json\\": ""
                }
            },
            "notification-url": "https://packagist.org/downloads/",
            "license": [
                "BSD-3-Clause"
            ],
            "description": "provides convenience methods for serializing native PHP to JSON and decoding JSON to native PHP",
            "keywords": [
                "json",
                "zf2"
            ],
            "time": "2014-03-06 18:00:05"
        },
        {
            "name": "zendframework/zend-loader",
            "version": "2.2.6",
            "target-dir": "Zend/Loader",
            "source": {
                "type": "git",
                "url": "https://github.com/zendframework/Component_ZendLoader.git",
                "reference": "27a9f770630839e36cd5705f3661b5ef9abf8793"
            },
            "dist": {
                "type": "zip",
                "url": "https://api.github.com/repos/zendframework/Component_ZendLoader/zipball/27a9f770630839e36cd5705f3661b5ef9abf8793",
                "reference": "27a9f770630839e36cd5705f3661b5ef9abf8793",
                "shasum": ""
            },
            "require": {
                "php": ">=5.3.3"
            },
            "type": "library",
            "extra": {
                "branch-alias": {
                    "dev-master": "2.2-dev",
                    "dev-develop": "2.3-dev"
                }
            },
            "autoload": {
                "psr-0": {
                    "Zend\\Loader\\": ""
                }
            },
            "notification-url": "https://packagist.org/downloads/",
            "license": [
                "BSD-3-Clause"
            ],
            "keywords": [
                "loader",
                "zf2"
            ],
            "time": "2014-03-06 18:00:07"
        },
        {
            "name": "zendframework/zend-session",
            "version": "2.2.6",
            "target-dir": "Zend/Session",
            "source": {
                "type": "git",
                "url": "https://github.com/zendframework/Component_ZendSession.git",
                "reference": "39fbad1f3b72f9ba86a218bc7b6e04dc72d800bf"
            },
            "dist": {
                "type": "zip",
                "url": "https://api.github.com/repos/zendframework/Component_ZendSession/zipball/39fbad1f3b72f9ba86a218bc7b6e04dc72d800bf",
                "reference": "39fbad1f3b72f9ba86a218bc7b6e04dc72d800bf",
                "shasum": ""
            },
            "require": {
                "php": ">=5.3.3",
                "zendframework/zend-stdlib": "self.version"
            },
            "suggest": {
                "zendframework/zend-eventmanager": "Zend\\EventManager component",
                "zendframework/zend-servicemanager": "Zend\\ServiceManager component",
                "zendframework/zend-validator": "Zend\\Validator component"
            },
            "type": "library",
            "extra": {
                "branch-alias": {
                    "dev-master": "2.2-dev",
                    "dev-develop": "2.3-dev"
                }
            },
            "autoload": {
                "psr-0": {
                    "Zend\\Session\\": ""
                }
            },
            "notification-url": "https://packagist.org/downloads/",
            "license": [
                "BSD-3-Clause"
            ],
            "description": "manage and preserve session data, a logical complement of cookie data, across multiple page requests by the same client",
            "keywords": [
                "session",
                "zf2"
            ],
            "time": "2014-01-04 13:00:26"
        },
        {
            "name": "zendframework/zend-stdlib",
            "version": "2.2.6",
            "target-dir": "Zend/Stdlib",
            "source": {
                "type": "git",
                "url": "https://github.com/zendframework/Component_ZendStdlib.git",
                "reference": "e646729f2274f4552b6a92e38d8e458efe08ebc5"
            },
            "dist": {
                "type": "zip",
                "url": "https://api.github.com/repos/zendframework/Component_ZendStdlib/zipball/e646729f2274f4552b6a92e38d8e458efe08ebc5",
                "reference": "e646729f2274f4552b6a92e38d8e458efe08ebc5",
                "shasum": ""
            },
            "require": {
                "php": ">=5.3.3"
            },
            "suggest": {
                "zendframework/zend-eventmanager": "To support aggregate hydrator usage",
                "zendframework/zend-servicemanager": "To support hydrator plugin manager usage"
            },
            "type": "library",
            "extra": {
                "branch-alias": {
                    "dev-master": "2.2-dev",
                    "dev-develop": "2.3-dev"
                }
            },
            "autoload": {
                "psr-0": {
                    "Zend\\Stdlib\\": ""
                }
            },
            "notification-url": "https://packagist.org/downloads/",
            "license": [
                "BSD-3-Clause"
            ],
            "keywords": [
                "stdlib",
                "zf2"
            ],
            "time": "2014-01-04 13:00:28"
        },
        {
            "name": "zendframework/zend-uri",
            "version": "2.2.6",
            "target-dir": "Zend/Uri",
            "source": {
                "type": "git",
                "url": "https://github.com/zendframework/Component_ZendUri.git",
                "reference": "34bedeea8e58aab8c047df1bbe71a39949ad3813"
            },
            "dist": {
                "type": "zip",
                "url": "https://api.github.com/repos/zendframework/Component_ZendUri/zipball/34bedeea8e58aab8c047df1bbe71a39949ad3813",
                "reference": "34bedeea8e58aab8c047df1bbe71a39949ad3813",
                "shasum": ""
            },
            "require": {
                "php": ">=5.3.3",
                "zendframework/zend-escaper": "self.version",
                "zendframework/zend-validator": "self.version"
            },
            "type": "library",
            "extra": {
                "branch-alias": {
                    "dev-master": "2.2-dev",
                    "dev-develop": "2.3-dev"
                }
            },
            "autoload": {
                "psr-0": {
                    "Zend\\Uri\\": ""
                }
            },
            "notification-url": "https://packagist.org/downloads/",
            "license": [
                "BSD-3-Clause"
            ],
            "description": "a component that aids in manipulating and validating » Uniform Resource Identifiers (URIs)",
            "keywords": [
                "uri",
                "zf2"
            ],
            "time": "2014-03-04 08:00:05"
        },
        {
            "name": "zendframework/zend-validator",
            "version": "2.2.6",
            "target-dir": "Zend/Validator",
            "source": {
                "type": "git",
                "url": "https://github.com/zendframework/Component_ZendValidator.git",
                "reference": "45ba4e595ec15f4b80b04a04db2feb7e22bfda32"
            },
            "dist": {
                "type": "zip",
                "url": "https://api.github.com/repos/zendframework/Component_ZendValidator/zipball/45ba4e595ec15f4b80b04a04db2feb7e22bfda32",
                "reference": "45ba4e595ec15f4b80b04a04db2feb7e22bfda32",
                "shasum": ""
            },
            "require": {
                "php": ">=5.3.3",
                "zendframework/zend-stdlib": "self.version"
            },
            "require-dev": {
                "zendframework/zend-filter": "self.version",
                "zendframework/zend-i18n": "self.version",
                "zendframework/zend-math": "self.version",
                "zendframework/zend-servicemanager": "self.version"
            },
            "suggest": {
                "zendframework/zend-db": "Zend\\Db component",
                "zendframework/zend-filter": "Zend\\Filter component, required by the Digits validator",
                "zendframework/zend-i18n": "Zend\\I18n component to allow translation of validation error messages as well as to use the various Date validators",
                "zendframework/zend-math": "Zend\\Math component",
                "zendframework/zend-resources": "Translations of validator messages",
                "zendframework/zend-servicemanager": "Zend\\ServiceManager component to allow using the ValidatorPluginManager and validator chains",
                "zendframework/zend-uri": "Zend\\Uri component, required by the Uri and Sitemap\\Loc validators"
            },
            "type": "library",
            "extra": {
                "branch-alias": {
                    "dev-master": "2.2-dev",
                    "dev-develop": "2.3-dev"
                }
            },
            "autoload": {
                "psr-0": {
                    "Zend\\Validator\\": ""
                }
            },
            "notification-url": "https://packagist.org/downloads/",
            "license": [
                "BSD-3-Clause"
            ],
            "description": "provides a set of commonly needed validators",
            "keywords": [
                "validator",
                "zf2"
            ],
            "time": "2014-03-03 23:00:13"
        }
    ],
    "packages-dev": [],
    "aliases": [],
    "minimum-stability": "stable",
    "stability-flags": {
        "ivan-novakov/php-openid-connect-client": 20
    },
    "prefer-stable": false,
    "prefer-lowest": false,
    "platform": [],
    "platform-dev": []
}
